
Microsoft Visual Studio Solution File, Format Version 12.00
# Visual Studio 14
VisualStudioVersion = 14.0.25420.1
MinimumVisualStudioVersion = 10.0.40219.1
Project("{FAE04EC0-301F-11D3-BF4B-00C04F79EFBC}") = "windowsDesktopClient", "windowsDesktopClient\windowsDesktopClient.csproj", "{593829C1-F15C-4C02-B277-0F42B3C75123}"
EndProject
Project("{FAE04EC0-301F-11D3-BF4B-00C04F79EFBC}") = "DataDelivery", "DataDelivery\DataDelivery.csproj", "{E2C8C01C-5289-4A6B-AAD5-E72597D06AF2}"
EndProject
Global
	GlobalSection(SolutionConfigurationPlatforms) = preSolution
		Debug|Any CPU = Debug|Any CPU
		Release|Any CPU = Release|Any CPU
	EndGlobalSection
	GlobalSection(ProjectConfigurationPlatforms) = postSolution
		{593829C1-F15C-4C02-B277-0F42B3C75123}.Debug|Any CPU.ActiveCfg = Debug|Any CPU
		{593829C1-F15C-4C02-B277-0F42B3C75123}.Debug|Any CPU.Build.0 = Debug|Any CPU
		{593829C1-F15C-4C02-B277-0F42B3C75123}.Release|Any CPU.ActiveCfg = Release|Any CPU
		{593829C1-F15C-4C02-B277-0F42B3C75123}.Release|Any CPU.Build.0 = Release|Any CPU
		{E2C8C01C-5289-4A6B-AAD5-E72597D06AF2}.Debug|Any CPU.ActiveCfg = Debug|Any CPU
		{E2C8C01C-5289-4A6B-AAD5-E72597D06AF2}.Debug|Any CPU.Build.0 = Debug|Any CPU
		{E2C8C01C-5289-4A6B-AAD5-E72597D06AF2}.Release|Any CPU.ActiveCfg = Release|Any CPU
		{E2C8C01C-5289-4A6B-AAD5-E72597D06AF2}.Release|Any CPU.Build.0 = Release|Any CPU
	EndGlobalSection
	GlobalSection(SolutionProperties) = preSolution
		HideSolutionNode = FALSE
	EndGlobalSection
EndGlobal
